# This file is automatically @generated by Poetry 2.1.4 and should not be changed by hand.

[[package]]
name = "construct"
version = "2.10.70"
description = "A powerful declarative symmetric parser/builder for binary data"
optional = false
python-versions = ">=3.6"
groups = ["main"]
files = [
    {file = "construct-2.10.70-py3-none-any.whl", hash = "sha256:c80be81ef595a1a821ec69dc16099550ed22197615f4320b57cc9ce2a672cb30"},
    {file = "construct-2.10.70.tar.gz", hash = "sha256:4d2472f9684731e58cc9c56c463be63baa1447d674e0d66aeb5627b22f512c29"},
]

[package.extras]
extras = ["arrow", "cloudpickle", "cryptography", "lz4", "numpy", "ruamel.yaml"]

[[package]]
name = "typing"
version = "3.7.4.3"
description = "Type Hints for Python"
optional = false
python-versions = ">=2.7, !=3.0.*, !=3.1.*, !=3.2.*, !=3.3.*"
groups = ["main"]
files = [
    {file = "typing-3.7.4.3-py2-none-any.whl", hash = "sha256:283d868f5071ab9ad873e5e52268d611e851c870a2ba354193026f2dfb29d8b5"},
    {file = "typing-3.7.4.3.tar.gz", hash = "sha256:1187fb9c82fd670d10aa07bbb6cfcfe4bdda42d6fab8d5134f04e8c4d0b71cc9"},
]

[metadata]
lock-version = "2.1"
python-versions = "^3.10"
content-hash = "792d0c467107995ea8ce36d14d8eb9e6841c64360303ae3ddf1fe85a048ffdb5"
